
Microsoft Visual Studio Solution File, Format Version 12.00
# Visual Studio Version 16
VisualStudioVersion = 16.0.30309.148
MinimumVisualStudioVersion = 10.0.40219.1
Project("{9A19103F-16F7-4668-BE54-9A1E7A4F7556}") = "Study.SehirRehberi.WebApi", "Study.SehirRehberi\Study.SehirRehberi.WebApi.csproj", "{A63BC70E-3B10-4C2F-9194-E1824E04BC0E}"
EndProject
Project("{9A19103F-16F7-4668-BE54-9A1E7A4F7556}") = "Study.SehirRehberi.Entitiy", "Study.SehirRehberi.Entitiy\Study.SehirRehberi.Entitiy.csproj", "{1FABC5AF-D32D-4CCB-935F-A02BD47193AD}"
EndProject
Project("{9A19103F-16F7-4668-BE54-9A1E7A4F7556}") = "Study.SehirRehberi.DataAccess", "Study.SehirRehberi.DataAccess\Study.SehirRehberi.DataAccess.csproj", "{12EB6B32-F343-4048-B114-D3C610B16E08}"
EndProject
Project("{9A19103F-16F7-4668-BE54-9A1E7A4F7556}") = "Study.SehirRehberi.Business", "Study.SehirRehberi.Business\Study.SehirRehberi.Business.csproj", "{40B63C3A-780D-4237-AFDF-94565FFE84E5}"
EndProject
Project("{9A19103F-16F7-4668-BE54-9A1E7A4F7556}") = "Study.SehirRehberi.Dto", "Study.SehirRehberi.Dto\Study.SehirRehberi.Dto.csproj", "{709BC07B-CF7E-40DA-98AB-F3116C813D4A}"
EndProject
Global
	GlobalSection(SolutionConfigurationPlatforms) = preSolution
		Debug|Any CPU = Debug|Any CPU
		Release|Any CPU = Release|Any CPU
	EndGlobalSection
	GlobalSection(ProjectConfigurationPlatforms) = postSolution
		{A63BC70E-3B10-4C2F-9194-E1824E04BC0E}.Debug|Any CPU.ActiveCfg = Debug|Any CPU
		{A63BC70E-3B10-4C2F-9194-E1824E04BC0E}.Debug|Any CPU.Build.0 = Debug|Any CPU
		{A63BC70E-3B10-4C2F-9194-E1824E04BC0E}.Release|Any CPU.ActiveCfg = Release|Any CPU
		{A63BC70E-3B10-4C2F-9194-E1824E04BC0E}.Release|Any CPU.Build.0 = Release|Any CPU
		{1FABC5AF-D32D-4CCB-935F-A02BD47193AD}.Debug|Any CPU.ActiveCfg = Debug|Any CPU
		{1FABC5AF-D32D-4CCB-935F-A02BD47193AD}.Debug|Any CPU.Build.0 = Debug|Any CPU
		{1FABC5AF-D32D-4CCB-935F-A02BD47193AD}.Release|Any CPU.ActiveCfg = Release|Any CPU
		{1FABC5AF-D32D-4CCB-935F-A02BD47193AD}.Release|Any CPU.Build.0 = Release|Any CPU
		{12EB6B32-F343-4048-B114-D3C610B16E08}.Debug|Any CPU.ActiveCfg = Debug|Any CPU
		{12EB6B32-F343-4048-B114-D3C610B16E08}.Debug|Any CPU.Build.0 = Debug|Any CPU
		{12EB6B32-F343-4048-B114-D3C610B16E08}.Release|Any CPU.ActiveCfg = Release|Any CPU
		{12EB6B32-F343-4048-B114-D3C610B16E08}.Release|Any CPU.Build.0 = Release|Any CPU
		{40B63C3A-780D-4237-AFDF-94565FFE84E5}.Debug|Any CPU.ActiveCfg = Debug|Any CPU
		{40B63C3A-780D-4237-AFDF-94565FFE84E5}.Debug|Any CPU.Build.0 = Debug|Any CPU
		{40B63C3A-780D-4237-AFDF-94565FFE84E5}.Release|Any CPU.ActiveCfg = Release|Any CPU
		{40B63C3A-780D-4237-AFDF-94565FFE84E5}.Release|Any CPU.Build.0 = Release|Any CPU
		{709BC07B-CF7E-40DA-98AB-F3116C813D4A}.Debug|Any CPU.ActiveCfg = Debug|Any CPU
		{709BC07B-CF7E-40DA-98AB-F3116C813D4A}.Debug|Any CPU.Build.0 = Debug|Any CPU
		{709BC07B-CF7E-40DA-98AB-F3116C813D4A}.Release|Any CPU.ActiveCfg = Release|Any CPU
		{709BC07B-CF7E-40DA-98AB-F3116C813D4A}.Release|Any CPU.Build.0 = Release|Any CPU
	EndGlobalSection
	GlobalSection(SolutionProperties) = preSolution
		HideSolutionNode = FALSE
	EndGlobalSection
	GlobalSection(ExtensibilityGlobals) = postSolution
		SolutionGuid = {128C6BCA-9B02-442E-9B2D-91FB8A15D0D7}
	EndGlobalSection
EndGlobal
